
Microsoft Visual Studio Solution File, Format Version 12.00
# Visual Studio Version 17
VisualStudioVersion = 17.0.32112.339
MinimumVisualStudioVersion = 10.0.40219.1
Project("{FAE04EC0-301F-11D3-BF4B-00C04F79EFBC}") = "Constructores", "Constructores\Constructores.csproj", "{92BD5F57-24F8-43C3-AD04-C8F4C5EB4434}"
EndProject
Project("{2150E333-8FDC-42A3-9474-1A3956D46DE8}") = "ConstructoresFolder", "ConstructoresFolder", "{66AD4F5F-D65D-4F0C-BC3C-F361142BD2CD}"
EndProject
Project("{2150E333-8FDC-42A3-9474-1A3956D46DE8}") = "ListasFolder", "ListasFolder", "{C831ABED-68B2-4BDB-A69E-A63C1FE0A396}"
EndProject
Project("{2150E333-8FDC-42A3-9474-1A3956D46DE8}") = "VariablesFolder", "VariablesFolder", "{776993CA-6649-4C8C-88FC-1E7B7C218EDC}"
EndProject
Project("{2150E333-8FDC-42A3-9474-1A3956D46DE8}") = "CiclosFolder", "CiclosFolder", "{231E23D1-4D6F-40B8-A25A-94ABB37F7840}"
EndProject
Project("{2150E333-8FDC-42A3-9474-1A3956D46DE8}") = "CondicionalesFolder", "CondicionalesFolder", "{331E5BA9-7083-459B-9F3A-D14A6B0138C8}"
EndProject
Project("{FAE04EC0-301F-11D3-BF4B-00C04F79EFBC}") = "Variables", "Variables\Variables.csproj", "{CBBFA0B1-3538-4FC0-AF75-39326C5D377C}"
EndProject
Project("{FAE04EC0-301F-11D3-BF4B-00C04F79EFBC}") = "Listas", "Listas\Listas.csproj", "{90763352-7F4F-43A0-B1B2-F2ED4D811C35}"
EndProject
Project("{FAE04EC0-301F-11D3-BF4B-00C04F79EFBC}") = "Condicionales", "Condicionales\Condicionales.csproj", "{E718A065-4FBF-4D5B-9014-128EF1A5E8E1}"
EndProject
Project("{FAE04EC0-301F-11D3-BF4B-00C04F79EFBC}") = "Ciclos", "Ciclos\Ciclos.csproj", "{81B95D78-5A65-4607-8148-8BED0208F316}"
EndProject
Project("{2150E333-8FDC-42A3-9474-1A3956D46DE8}") = "HerenciaFolder", "HerenciaFolder", "{4D4CD08F-82BA-40C7-97FB-18B49F9AC995}"
EndProject
Project("{FAE04EC0-301F-11D3-BF4B-00C04F79EFBC}") = "Herencia", "Herencia\Herencia.csproj", "{05B34BA5-0F9C-43BF-A344-6CBA4A60F6F5}"
EndProject
Global
	GlobalSection(SolutionConfigurationPlatforms) = preSolution
		Debug|Any CPU = Debug|Any CPU
		Release|Any CPU = Release|Any CPU
	EndGlobalSection
	GlobalSection(ProjectConfigurationPlatforms) = postSolution
		{92BD5F57-24F8-43C3-AD04-C8F4C5EB4434}.Debug|Any CPU.ActiveCfg = Debug|Any CPU
		{92BD5F57-24F8-43C3-AD04-C8F4C5EB4434}.Debug|Any CPU.Build.0 = Debug|Any CPU
		{92BD5F57-24F8-43C3-AD04-C8F4C5EB4434}.Release|Any CPU.ActiveCfg = Release|Any CPU
		{92BD5F57-24F8-43C3-AD04-C8F4C5EB4434}.Release|Any CPU.Build.0 = Release|Any CPU
		{CBBFA0B1-3538-4FC0-AF75-39326C5D377C}.Debug|Any CPU.ActiveCfg = Debug|Any CPU
		{CBBFA0B1-3538-4FC0-AF75-39326C5D377C}.Debug|Any CPU.Build.0 = Debug|Any CPU
		{CBBFA0B1-3538-4FC0-AF75-39326C5D377C}.Release|Any CPU.ActiveCfg = Release|Any CPU
		{CBBFA0B1-3538-4FC0-AF75-39326C5D377C}.Release|Any CPU.Build.0 = Release|Any CPU
		{90763352-7F4F-43A0-B1B2-F2ED4D811C35}.Debug|Any CPU.ActiveCfg = Debug|Any CPU
		{90763352-7F4F-43A0-B1B2-F2ED4D811C35}.Debug|Any CPU.Build.0 = Debug|Any CPU
		{90763352-7F4F-43A0-B1B2-F2ED4D811C35}.Release|Any CPU.ActiveCfg = Release|Any CPU
		{90763352-7F4F-43A0-B1B2-F2ED4D811C35}.Release|Any CPU.Build.0 = Release|Any CPU
		{E718A065-4FBF-4D5B-9014-128EF1A5E8E1}.Debug|Any CPU.ActiveCfg = Debug|Any CPU
		{E718A065-4FBF-4D5B-9014-128EF1A5E8E1}.Debug|Any CPU.Build.0 = Debug|Any CPU
		{E718A065-4FBF-4D5B-9014-128EF1A5E8E1}.Release|Any CPU.ActiveCfg = Release|Any CPU
		{E718A065-4FBF-4D5B-9014-128EF1A5E8E1}.Release|Any CPU.Build.0 = Release|Any CPU
		{81B95D78-5A65-4607-8148-8BED0208F316}.Debug|Any CPU.ActiveCfg = Debug|Any CPU
		{81B95D78-5A65-4607-8148-8BED0208F316}.Debug|Any CPU.Build.0 = Debug|Any CPU
		{81B95D78-5A65-4607-8148-8BED0208F316}.Release|Any CPU.ActiveCfg = Release|Any CPU
		{81B95D78-5A65-4607-8148-8BED0208F316}.Release|Any CPU.Build.0 = Release|Any CPU
		{05B34BA5-0F9C-43BF-A344-6CBA4A60F6F5}.Debug|Any CPU.ActiveCfg = Debug|Any CPU
		{05B34BA5-0F9C-43BF-A344-6CBA4A60F6F5}.Debug|Any CPU.Build.0 = Debug|Any CPU
		{05B34BA5-0F9C-43BF-A344-6CBA4A60F6F5}.Release|Any CPU.ActiveCfg = Release|Any CPU
		{05B34BA5-0F9C-43BF-A344-6CBA4A60F6F5}.Release|Any CPU.Build.0 = Release|Any CPU
	EndGlobalSection
	GlobalSection(SolutionProperties) = preSolution
		HideSolutionNode = FALSE
	EndGlobalSection
	GlobalSection(NestedProjects) = preSolution
		{92BD5F57-24F8-43C3-AD04-C8F4C5EB4434} = {66AD4F5F-D65D-4F0C-BC3C-F361142BD2CD}
		{CBBFA0B1-3538-4FC0-AF75-39326C5D377C} = {776993CA-6649-4C8C-88FC-1E7B7C218EDC}
		{90763352-7F4F-43A0-B1B2-F2ED4D811C35} = {C831ABED-68B2-4BDB-A69E-A63C1FE0A396}
		{E718A065-4FBF-4D5B-9014-128EF1A5E8E1} = {331E5BA9-7083-459B-9F3A-D14A6B0138C8}
		{81B95D78-5A65-4607-8148-8BED0208F316} = {231E23D1-4D6F-40B8-A25A-94ABB37F7840}
		{05B34BA5-0F9C-43BF-A344-6CBA4A60F6F5} = {4D4CD08F-82BA-40C7-97FB-18B49F9AC995}
	EndGlobalSection
	GlobalSection(ExtensibilityGlobals) = postSolution
		SolutionGuid = {9E92E6D8-0371-475C-9DBA-0190343B792E}
	EndGlobalSection
EndGlobal
